// !$*UTF8*$!
{
	archiveVersion = 1;
	classes = {
	};
	objectVersion = 50;
	objects = {

/* Begin PBXBuildFile section */
		2B528185227692C8007B880F /* main.cpp in Sources */ = {isa = PBXBuildFile; fileRef = 2B528184227692C8007B880F /* main.cpp */; };
		2B52819522769720007B880F /* libpostproc.a in Frameworks */ = {isa = PBXBuildFile; fileRef = 2B52818C22769720007B880F /* libpostproc.a */; };
		2B52819622769720007B880F /* libavcodec.a in Frameworks */ = {isa = PBXBuildFile; fileRef = 2B52818D22769720007B880F /* libavcodec.a */; };
		2B52819722769720007B880F /* libswscale.a in Frameworks */ = {isa = PBXBuildFile; fileRef = 2B52818E22769720007B880F /* libswscale.a */; };
		2B52819822769720007B880F /* libswresample.a in Frameworks */ = {isa = PBXBuildFile; fileRef = 2B52818F22769720007B880F /* libswresample.a */; };
		2B52819922769720007B880F /* libavformat.a in Frameworks */ = {isa = PBXBuildFile; fileRef = 2B52819022769720007B880F /* libavformat.a */; };
		2B52819A22769720007B880F /* libavutil.a in Frameworks */ = {isa = PBXBuildFile; fileRef = 2B52819122769720007B880F /* libavutil.a */; };
		2B52819B22769720007B880F /* libavdevice.a in Frameworks */ = {isa = PBXBuildFile; fileRef = 2B52819222769720007B880F /* libavdevice.a */; };
		2B52819C22769720007B880F /* libavresample.a in Frameworks */ = {isa = PBXBuildFile; fileRef = 2B52819322769720007B880F /* libavresample.a */; };
		2B52819D22769720007B880F /* libavfilter.a in Frameworks */ = {isa = PBXBuildFile; fileRef = 2B52819422769720007B880F /* libavfilter.a */; };
		2BE0D3EB227EBC27002EAF5C /* RtmpPusher.cpp in Sources */ = {isa = PBXBuildFile; fileRef = 2BE0D3E9227EBC27002EAF5C /* RtmpPusher.cpp */; };
/* End PBXBuildFile section */

/* Begin PBXCopyFilesBuildPhase section */
		2B52817F227692C8007B880F /* CopyFiles */ = {
			isa = PBXCopyFilesBuildPhase;
			buildActionMask = 2147483647;
			dstPath = /usr/share/man/man1/;
			dstSubfolderSpec = 0;
			files = (
			);
			runOnlyForDeploymentPostprocessing = 1;
		};
/* End PBXCopyFilesBuildPhase section */

/* Begin PBXFileReference section */
		2B528181227692C8007B880F /* FF_Rtmp */ = {isa = PBXFileReference; explicitFileType = "compiled.mach-o.executable"; includeInIndex = 0; path = FF_Rtmp; sourceTree = BUILT_PRODUCTS_DIR; };
		2B528184227692C8007B880F /* main.cpp */ = {isa = PBXFileReference; lastKnownFileType = sourcecode.cpp.cpp; path = main.cpp; sourceTree = "<group>"; };
		2B52818C22769720007B880F /* libpostproc.a */ = {isa = PBXFileReference; lastKnownFileType = archive.ar; name = libpostproc.a; path = ../../../../../../usr/local/Cellar/ffmpeg/4.1.2/lib/libpostproc.a; sourceTree = "<group>"; };
		2B52818D22769720007B880F /* libavcodec.a */ = {isa = PBXFileReference; lastKnownFileType = archive.ar; name = libavcodec.a; path = ../../../../../../usr/local/Cellar/ffmpeg/4.1.2/lib/libavcodec.a; sourceTree = "<group>"; };
		2B52818E22769720007B880F /* libswscale.a */ = {isa = PBXFileReference; lastKnownFileType = archive.ar; name = libswscale.a; path = ../../../../../../usr/local/Cellar/ffmpeg/4.1.2/lib/libswscale.a; sourceTree = "<group>"; };
		2B52818F22769720007B880F /* libswresample.a */ = {isa = PBXFileReference; lastKnownFileType = archive.ar; name = libswresample.a; path = ../../../../../../usr/local/Cellar/ffmpeg/4.1.2/lib/libswresample.a; sourceTree = "<group>"; };
		2B52819022769720007B880F /* libavformat.a */ = {isa = PBXFileReference; lastKnownFileType = archive.ar; name = libavformat.a; path = ../../../../../../usr/local/Cellar/ffmpeg/4.1.2/lib/libavformat.a; sourceTree = "<group>"; };
		2B52819122769720007B880F /* libavutil.a */ = {isa = PBXFileReference; lastKnownFileType = archive.ar; name = libavutil.a; path = ../../../../../../usr/local/Cellar/ffmpeg/4.1.2/lib/libavutil.a; sourceTree = "<group>"; };
		2B52819222769720007B880F /* libavdevice.a */ = {isa = PBXFileReference; lastKnownFileType = archive.ar; name = libavdevice.a; path = ../../../../../../usr/local/Cellar/ffmpeg/4.1.2/lib/libavdevice.a; sourceTree = "<group>"; };
		2B52819322769720007B880F /* libavresample.a */ = {isa = PBXFileReference; lastKnownFileType = archive.ar; name = libavresample.a; path = ../../../../../../usr/local/Cellar/ffmpeg/4.1.2/lib/libavresample.a; sourceTree = "<group>"; };
		2B52819422769720007B880F /* libavfilter.a */ = {isa = PBXFileReference; lastKnownFileType = archive.ar; name = libavfilter.a; path = ../../../../../../usr/local/Cellar/ffmpeg/4.1.2/lib/libavfilter.a; sourceTree = "<group>"; };
		2BE0D3E9227EBC27002EAF5C /* RtmpPusher.cpp */ = {isa = PBXFileReference; lastKnownFileType = sourcecode.cpp.cpp; path = RtmpPusher.cpp; sourceTree = "<group>"; };
		2BE0D3EA227EBC27002EAF5C /* RtmpPusher.hpp */ = {isa = PBXFileReference; lastKnownFileType = sourcecode.cpp.h; path = RtmpPusher.hpp; sourceTree = "<group>"; };
/* End PBXFileReference section */

/* Begin PBXFrameworksBuildPhase section */
		2B52817E227692C8007B880F /* Frameworks */ = {
			isa = PBXFrameworksBuildPhase;
			buildActionMask = 2147483647;
			files = (
				2B52819522769720007B880F /* libpostproc.a in Frameworks */,
				2B52819622769720007B880F /* libavcodec.a in Frameworks */,
				2B52819722769720007B880F /* libswscale.a in Frameworks */,
				2B52819822769720007B880F /* libswresample.a in Frameworks */,
				2B52819922769720007B880F /* libavformat.a in Frameworks */,
				2B52819A22769720007B880F /* libavutil.a in Frameworks */,
				2B52819B22769720007B880F /* libavdevice.a in Frameworks */,
				2B52819C22769720007B880F /* libavresample.a in Frameworks */,
				2B52819D22769720007B880F /* libavfilter.a in Frameworks */,
			);
			runOnlyForDeploymentPostprocessing = 0;
		};
/* End PBXFrameworksBuildPhase section */

/* Begin PBXGroup section */
		2B528178227692C8007B880F = {
			isa = PBXGroup;
			children = (
				2B528183227692C8007B880F /* FF_Rtmp */,
				2B528182227692C8007B880F /* Products */,
				2B52818B22769720007B880F /* Frameworks */,
			);
			sourceTree = "<group>";
		};
		2B528182227692C8007B880F /* Products */ = {
			isa = PBXGroup;
			children = (
				2B528181227692C8007B880F /* FF_Rtmp */,
			);
			name = Products;
			sourceTree = "<group>";
		};
		2B528183227692C8007B880F /* FF_Rtmp */ = {
			isa = PBXGroup;
			children = (
				2B528184227692C8007B880F /* main.cpp */,
				2BE0D3E9227EBC27002EAF5C /* RtmpPusher.cpp */,
				2BE0D3EA227EBC27002EAF5C /* RtmpPusher.hpp */,
			);
			path = FF_Rtmp;
			sourceTree = "<group>";
		};
		2B52818B22769720007B880F /* Frameworks */ = {
			isa = PBXGroup;
			children = (
				2B52818D22769720007B880F /* libavcodec.a */,
				2B52819222769720007B880F /* libavdevice.a */,
				2B52819422769720007B880F /* libavfilter.a */,
				2B52819022769720007B880F /* libavformat.a */,
				2B52819322769720007B880F /* libavresample.a */,
				2B52819122769720007B880F /* libavutil.a */,
				2B52818C22769720007B880F /* libpostproc.a */,
				2B52818F22769720007B880F /* libswresample.a */,
				2B52818E22769720007B880F /* libswscale.a */,
			);
			name = Frameworks;
			sourceTree = "<group>";
		};
/* End PBXGroup section */

/* Begin PBXNativeTarget section */
		2B528180227692C8007B880F /* FF_Rtmp */ = {
			isa = PBXNativeTarget;
			buildConfigurationList = 2B528188227692C8007B880F /* Build configuration list for PBXNativeTarget "FF_Rtmp" */;
			buildPhases = (
				2B52817D227692C8007B880F /* Sources */,
				2B52817E227692C8007B880F /* Frameworks */,
				2B52817F227692C8007B880F /* CopyFiles */,
			);
			buildRules = (
			);
			dependencies = (
			);
			name = FF_Rtmp;
			productName = FF_Rtmp;
			productReference = 2B528181227692C8007B880F /* FF_Rtmp */;
			productType = "com.apple.product-type.tool";
		};
/* End PBXNativeTarget section */

/* Begin PBXProject section */
		2B528179227692C8007B880F /* Project object */ = {
			isa = PBXProject;
			attributes = {
				LastUpgradeCheck = 1020;
				ORGANIZATIONNAME = "叶亮";
				TargetAttributes = {
					2B528180227692C8007B880F = {
						CreatedOnToolsVersion = 10.2.1;
					};
				};
			};
			buildConfigurationList = 2B52817C227692C8007B880F /* Build configuration list for PBXProject "FF_Rtmp" */;
			compatibilityVersion = "Xcode 9.3";
			developmentRegion = en;
			hasScannedForEncodings = 0;
			knownRegions = (
				en,
			);
			mainGroup = 2B528178227692C8007B880F;
			productRefGroup = 2B528182227692C8007B880F /* Products */;
			projectDirPath = "";
			projectRoot = "";
			targets = (
				2B528180227692C8007B880F /* FF_Rtmp */,
			);
		};
/* End PBXProject section */

/* Begin PBXSourcesBuildPhase section */
		2B52817D227692C8007B880F /* Sources */ = {
			isa = PBXSourcesBuildPhase;
			buildActionMask = 2147483647;
			files = (
				2B528185227692C8007B880F /* main.cpp in Sources */,
				2BE0D3EB227EBC27002EAF5C /* RtmpPusher.cpp in Sources */,
			);
			runOnlyForDeploymentPostprocessing = 0;
		};
/* End PBXSourcesBuildPhase section */

/* Begin XCBuildConfiguration section */
		2B528186227692C8007B880F /* Debug */ = {
			isa = XCBuildConfiguration;
			buildSettings = {
				ALWAYS_SEARCH_USER_PATHS = NO;
				CLANG_ANALYZER_NONNULL = YES;
				CLANG_ANALYZER_NUMBER_OBJECT_CONVERSION = YES_AGGRESSIVE;
				CLANG_CXX_LANGUAGE_STANDARD = "gnu++14";
				CLANG_CXX_LIBRARY = "libc++";
				CLANG_ENABLE_MODULES = YES;
				CLANG_ENABLE_OBJC_ARC = YES;
				CLANG_ENABLE_OBJC_WEAK = YES;
				CLANG_WARN_BLOCK_CAPTURE_AUTORELEASING = YES;
				CLANG_WARN_BOOL_CONVERSION = YES;
				CLANG_WARN_COMMA = YES;
				CLANG_WARN_CONSTANT_CONVERSION = YES;
				CLANG_WARN_DEPRECATED_OBJC_IMPLEMENTATIONS = YES;
				CLANG_WARN_DIRECT_OBJC_ISA_USAGE = YES_ERROR;
				CLANG_WARN_DOCUMENTATION_COMMENTS = YES;
				CLANG_WARN_EMPTY_BODY = YES;
				CLANG_WARN_ENUM_CONVERSION = YES;
				CLANG_WARN_INFINITE_RECURSION = YES;
				CLANG_WARN_INT_CONVERSION = YES;
				CLANG_WARN_NON_LITERAL_NULL_CONVERSION = YES;
				CLANG_WARN_OBJC_IMPLICIT_RETAIN_SELF = YES;
				CLANG_WARN_OBJC_LITERAL_CONVERSION = YES;
				CLANG_WARN_OBJC_ROOT_CLASS = YES_ERROR;
				CLANG_WARN_RANGE_LOOP_ANALYSIS = YES;
				CLANG_WARN_STRICT_PROTOTYPES = YES;
				CLANG_WARN_SUSPICIOUS_MOVE = YES;
				CLANG_WARN_UNGUARDED_AVAILABILITY = YES_AGGRESSIVE;
				CLANG_WARN_UNREACHABLE_CODE = YES;
				CLANG_WARN__DUPLICATE_METHOD_MATCH = YES;
				CODE_SIGN_IDENTITY = "-";
				COPY_PHASE_STRIP = NO;
				DEBUG_INFORMATION_FORMAT = dwarf;
				ENABLE_STRICT_OBJC_MSGSEND = YES;
				ENABLE_TESTABILITY = YES;
				GCC_C_LANGUAGE_STANDARD = gnu11;
				GCC_DYNAMIC_NO_PIC = NO;
				GCC_NO_COMMON_BLOCKS = YES;
				GCC_OPTIMIZATION_LEVEL = 0;
				GCC_PREPROCESSOR_DEFINITIONS = (
					"DEBUG=1",
					"$(inherited)",
				);
				GCC_WARN_64_TO_32_BIT_CONVERSION = YES;
				GCC_WARN_ABOUT_RETURN_TYPE = YES_ERROR;
				GCC_WARN_UNDECLARED_SELECTOR = YES;
				GCC_WARN_UNINITIALIZED_AUTOS = YES_AGGRESSIVE;
				GCC_WARN_UNUSED_FUNCTION = YES;
				GCC_WARN_UNUSED_VARIABLE = YES;
				MACOSX_DEPLOYMENT_TARGET = 10.14;
				MTL_ENABLE_DEBUG_INFO = INCLUDE_SOURCE;
				MTL_FAST_MATH = YES;
				ONLY_ACTIVE_ARCH = YES;
				SDKROOT = macosx;
			};
			name = Debug;
		};
		2B528187227692C8007B880F /* Release */ = {
			isa = XCBuildConfiguration;
			buildSettings = {
				ALWAYS_SEARCH_USER_PATHS = NO;
				CLANG_ANALYZER_NONNULL = YES;
				CLANG_ANALYZER_NUMBER_OBJECT_CONVERSION = YES_AGGRESSIVE;
				CLANG_CXX_LANGUAGE_STANDARD = "gnu++14";
				CLANG_CXX_LIBRARY = "libc++";
				CLANG_ENABLE_MODULES = YES;
				CLANG_ENABLE_OBJC_ARC = YES;
				CLANG_ENABLE_OBJC_WEAK = YES;
				CLANG_WARN_BLOCK_CAPTURE_AUTORELEASING = YES;
				CLANG_WARN_BOOL_CONVERSION = YES;
				CLANG_WARN_COMMA = YES;
				CLANG_WARN_CONSTANT_CONVERSION = YES;
				CLANG_WARN_DEPRECATED_OBJC_IMPLEMENTATIONS = YES;
				CLANG_WARN_DIRECT_OBJC_ISA_USAGE = YES_ERROR;
				CLANG_WARN_DOCUMENTATION_COMMENTS = YES;
				CLANG_WARN_EMPTY_BODY = YES;
				CLANG_WARN_ENUM_CONVERSION = YES;
				CLANG_WARN_INFINITE_RECURSION = YES;
				CLANG_WARN_INT_CONVERSION = YES;
				CLANG_WARN_NON_LITERAL_NULL_CONVERSION = YES;
				CLANG_WARN_OBJC_IMPLICIT_RETAIN_SELF = YES;
				CLANG_WARN_OBJC_LITERAL_CONVERSION = YES;
				CLANG_WARN_OBJC_ROOT_CLASS = YES_ERROR;
				CLANG_WARN_RANGE_LOOP_ANALYSIS = YES;
				CLANG_WARN_STRICT_PROTOTYPES = YES;
				CLANG_WARN_SUSPICIOUS_MOVE = YES;
				CLANG_WARN_UNGUARDED_AVAILABILITY = YES_AGGRESSIVE;
				CLANG_WARN_UNREACHABLE_CODE = YES;
				CLANG_WARN__DUPLICATE_METHOD_MATCH = YES;
				CODE_SIGN_IDENTITY = "-";
				COPY_PHASE_STRIP = NO;
				DEBUG_INFORMATION_FORMAT = "dwarf-with-dsym";
				ENABLE_NS_ASSERTIONS = NO;
				ENABLE_STRICT_OBJC_MSGSEND = YES;
				GCC_C_LANGUAGE_STANDARD = gnu11;
				GCC_NO_COMMON_BLOCKS = YES;
				GCC_WARN_64_TO_32_BIT_CONVERSION = YES;
				GCC_WARN_ABOUT_RETURN_TYPE = YES_ERROR;
				GCC_WARN_UNDECLARED_SELECTOR = YES;
				GCC_WARN_UNINITIALIZED_AUTOS = YES_AGGRESSIVE;
				GCC_WARN_UNUSED_FUNCTION = YES;
				GCC_WARN_UNUSED_VARIABLE = YES;
				MACOSX_DEPLOYMENT_TARGET = 10.14;
				MTL_ENABLE_DEBUG_INFO = NO;
				MTL_FAST_MATH = YES;
				SDKROOT = macosx;
			};
			name = Release;
		};
		2B528189227692C8007B880F /* Debug */ = {
			isa = XCBuildConfiguration;
			buildSettings = {
				CODE_SIGN_STYLE = Automatic;
				LIBRARY_SEARCH_PATHS = (
					"$(inherited)",
					/usr/local/Cellar/ffmpeg/4.1.2/lib,
				);
				"LIBRARY_SEARCH_PATHS[arch=*]" = /usr/local/Cellar/ffmpeg/4.1.2/lib;
				PRODUCT_NAME = "$(TARGET_NAME)";
				"SYSTEM_HEADER_SEARCH_PATHS[arch=*]" = /usr/local/Cellar/ffmpeg/4.1.2/include;
			};
			name = Debug;
		};
		2B52818A227692C8007B880F /* Release */ = {
			isa = XCBuildConfiguration;
			buildSettings = {
				CODE_SIGN_STYLE = Automatic;
				LIBRARY_SEARCH_PATHS = (
					"$(inherited)",
					/usr/local/Cellar/ffmpeg/4.1.2/lib,
				);
				"LIBRARY_SEARCH_PATHS[arch=*]" = /usr/local/Cellar/ffmpeg/4.1.2/lib;
				PRODUCT_NAME = "$(TARGET_NAME)";
				"SYSTEM_HEADER_SEARCH_PATHS[arch=*]" = /usr/local/Cellar/ffmpeg/4.1.2/include;
			};
			name = Release;
		};
/* End XCBuildConfiguration section */

/* Begin XCConfigurationList section */
		2B52817C227692C8007B880F /* Build configuration list for PBXProject "FF_Rtmp" */ = {
			isa = XCConfigurationList;
			buildConfigurations = (
				2B528186227692C8007B880F /* Debug */,
				2B528187227692C8007B880F /* Release */,
			);
			defaultConfigurationIsVisible = 0;
			defaultConfigurationName = Release;
		};
		2B528188227692C8007B880F /* Build configuration list for PBXNativeTarget "FF_Rtmp" */ = {
			isa = XCConfigurationList;
			buildConfigurations = (
				2B528189227692C8007B880F /* Debug */,
				2B52818A227692C8007B880F /* Release */,
			);
			defaultConfigurationIsVisible = 0;
			defaultConfigurationName = Release;
		};
/* End XCConfigurationList section */
	};
	rootObject = 2B528179227692C8007B880F /* Project object */;
}
