// !$*UTF8*$!
{
	archiveVersion = 1;
	classes = {
	};
	objectVersion = 50;
	objects = {

/* Begin PBXBuildFile section */
		2B275B432294FA3B00E6111C /* OpenCvCamera.cpp in Sources */ = {isa = PBXBuildFile; fileRef = 2B275B412294FA3B00E6111C /* OpenCvCamera.cpp */; };
		2B528185227692C8007B880F /* main.cpp in Sources */ = {isa = PBXBuildFile; fileRef = 2B528184227692C8007B880F /* main.cpp */; };
		2B52819522769720007B880F /* libpostproc.a in Frameworks */ = {isa = PBXBuildFile; fileRef = 2B52818C22769720007B880F /* libpostproc.a */; };
		2B52819622769720007B880F /* libavcodec.a in Frameworks */ = {isa = PBXBuildFile; fileRef = 2B52818D22769720007B880F /* libavcodec.a */; };
		2B52819722769720007B880F /* libswscale.a in Frameworks */ = {isa = PBXBuildFile; fileRef = 2B52818E22769720007B880F /* libswscale.a */; };
		2B52819822769720007B880F /* libswresample.a in Frameworks */ = {isa = PBXBuildFile; fileRef = 2B52818F22769720007B880F /* libswresample.a */; };
		2B52819922769720007B880F /* libavformat.a in Frameworks */ = {isa = PBXBuildFile; fileRef = 2B52819022769720007B880F /* libavformat.a */; };
		2B52819A22769720007B880F /* libavutil.a in Frameworks */ = {isa = PBXBuildFile; fileRef = 2B52819122769720007B880F /* libavutil.a */; };
		2B52819B22769720007B880F /* libavdevice.a in Frameworks */ = {isa = PBXBuildFile; fileRef = 2B52819222769720007B880F /* libavdevice.a */; };
		2B52819C22769720007B880F /* libavresample.a in Frameworks */ = {isa = PBXBuildFile; fileRef = 2B52819322769720007B880F /* libavresample.a */; };
		2B52819D22769720007B880F /* libavfilter.a in Frameworks */ = {isa = PBXBuildFile; fileRef = 2B52819422769720007B880F /* libavfilter.a */; };
		2BE0D3EB227EBC27002EAF5C /* RtmpPusher.cpp in Sources */ = {isa = PBXBuildFile; fileRef = 2BE0D3E9227EBC27002EAF5C /* RtmpPusher.cpp */; };
		2BE0D41F227EF798002EAF5C /* libopencv_videostab.4.1.0.dylib in Frameworks */ = {isa = PBXBuildFile; fileRef = 2BE0D3EF227EF797002EAF5C /* libopencv_videostab.4.1.0.dylib */; };
		2BE0D420227EF798002EAF5C /* libopencv_xfeatures2d.4.1.0.dylib in Frameworks */ = {isa = PBXBuildFile; fileRef = 2BE0D3F0227EF797002EAF5C /* libopencv_xfeatures2d.4.1.0.dylib */; };
		2BE0D421227EF798002EAF5C /* libopencv_dnn.4.1.0.dylib in Frameworks */ = {isa = PBXBuildFile; fileRef = 2BE0D3F1227EF797002EAF5C /* libopencv_dnn.4.1.0.dylib */; };
		2BE0D422227EF798002EAF5C /* libopencv_shape.4.1.0.dylib in Frameworks */ = {isa = PBXBuildFile; fileRef = 2BE0D3F2227EF797002EAF5C /* libopencv_shape.4.1.0.dylib */; };
		2BE0D423227EF798002EAF5C /* libopencv_dpm.4.1.0.dylib in Frameworks */ = {isa = PBXBuildFile; fileRef = 2BE0D3F3227EF797002EAF5C /* libopencv_dpm.4.1.0.dylib */; };
		2BE0D424227EF798002EAF5C /* libopencv_gapi.4.1.0.dylib in Frameworks */ = {isa = PBXBuildFile; fileRef = 2BE0D3F4227EF797002EAF5C /* libopencv_gapi.4.1.0.dylib */; };
		2BE0D425227EF798002EAF5C /* libopencv_bioinspired.4.1.0.dylib in Frameworks */ = {isa = PBXBuildFile; fileRef = 2BE0D3F5227EF797002EAF5C /* libopencv_bioinspired.4.1.0.dylib */; };
		2BE0D426227EF798002EAF5C /* libopencv_superres.4.1.0.dylib in Frameworks */ = {isa = PBXBuildFile; fileRef = 2BE0D3F6227EF797002EAF5C /* libopencv_superres.4.1.0.dylib */; };
		2BE0D427227EF798002EAF5C /* libopencv_tracking.4.1.0.dylib in Frameworks */ = {isa = PBXBuildFile; fileRef = 2BE0D3F7227EF797002EAF5C /* libopencv_tracking.4.1.0.dylib */; };
		2BE0D428227EF798002EAF5C /* libopencv_img_hash.4.1.0.dylib in Frameworks */ = {isa = PBXBuildFile; fileRef = 2BE0D3F8227EF797002EAF5C /* libopencv_img_hash.4.1.0.dylib */; };
		2BE0D429227EF798002EAF5C /* libopencv_line_descriptor.4.1.0.dylib in Frameworks */ = {isa = PBXBuildFile; fileRef = 2BE0D3F9227EF797002EAF5C /* libopencv_line_descriptor.4.1.0.dylib */; };
		2BE0D42A227EF798002EAF5C /* libopencv_calib3d.4.1.0.dylib in Frameworks */ = {isa = PBXBuildFile; fileRef = 2BE0D3FA227EF797002EAF5C /* libopencv_calib3d.4.1.0.dylib */; };
		2BE0D42B227EF798002EAF5C /* libopencv_videoio.4.1.0.dylib in Frameworks */ = {isa = PBXBuildFile; fileRef = 2BE0D3FB227EF797002EAF5C /* libopencv_videoio.4.1.0.dylib */; };
		2BE0D42C227EF798002EAF5C /* libopencv_xphoto.4.1.0.dylib in Frameworks */ = {isa = PBXBuildFile; fileRef = 2BE0D3FC227EF797002EAF5C /* libopencv_xphoto.4.1.0.dylib */; };
		2BE0D42D227EF798002EAF5C /* libopencv_text.4.1.0.dylib in Frameworks */ = {isa = PBXBuildFile; fileRef = 2BE0D3FD227EF797002EAF5C /* libopencv_text.4.1.0.dylib */; };
		2BE0D42E227EF798002EAF5C /* libopencv_imgcodecs.4.1.0.dylib in Frameworks */ = {isa = PBXBuildFile; fileRef = 2BE0D3FE227EF797002EAF5C /* libopencv_imgcodecs.4.1.0.dylib */; };
		2BE0D42F227EF798002EAF5C /* libopencv_fuzzy.4.1.0.dylib in Frameworks */ = {isa = PBXBuildFile; fileRef = 2BE0D3FF227EF797002EAF5C /* libopencv_fuzzy.4.1.0.dylib */; };
		2BE0D430227EF798002EAF5C /* libopencv_reg.4.1.0.dylib in Frameworks */ = {isa = PBXBuildFile; fileRef = 2BE0D400227EF797002EAF5C /* libopencv_reg.4.1.0.dylib */; };
		2BE0D431227EF798002EAF5C /* libopencv_stereo.4.1.0.dylib in Frameworks */ = {isa = PBXBuildFile; fileRef = 2BE0D401227EF797002EAF5C /* libopencv_stereo.4.1.0.dylib */; };
		2BE0D432227EF798002EAF5C /* libopencv_structured_light.4.1.0.dylib in Frameworks */ = {isa = PBXBuildFile; fileRef = 2BE0D402227EF797002EAF5C /* libopencv_structured_light.4.1.0.dylib */; };
		2BE0D433227EF798002EAF5C /* libopencv_ccalib.4.1.0.dylib in Frameworks */ = {isa = PBXBuildFile; fileRef = 2BE0D403227EF797002EAF5C /* libopencv_ccalib.4.1.0.dylib */; };
		2BE0D434227EF798002EAF5C /* libopencv_hfs.4.1.0.dylib in Frameworks */ = {isa = PBXBuildFile; fileRef = 2BE0D404227EF797002EAF5C /* libopencv_hfs.4.1.0.dylib */; };
		2BE0D435227EF798002EAF5C /* libopencv_dnn_objdetect.4.1.0.dylib in Frameworks */ = {isa = PBXBuildFile; fileRef = 2BE0D405227EF797002EAF5C /* libopencv_dnn_objdetect.4.1.0.dylib */; };
		2BE0D436227EF798002EAF5C /* libopencv_flann.4.1.0.dylib in Frameworks */ = {isa = PBXBuildFile; fileRef = 2BE0D406227EF798002EAF5C /* libopencv_flann.4.1.0.dylib */; };
		2BE0D437227EF798002EAF5C /* libopencv_face.4.1.0.dylib in Frameworks */ = {isa = PBXBuildFile; fileRef = 2BE0D407227EF798002EAF5C /* libopencv_face.4.1.0.dylib */; };
		2BE0D438227EF798002EAF5C /* libopencv_ximgproc.4.1.0.dylib in Frameworks */ = {isa = PBXBuildFile; fileRef = 2BE0D408227EF798002EAF5C /* libopencv_ximgproc.4.1.0.dylib */; };
		2BE0D439227EF798002EAF5C /* libopencv_phase_unwrapping.4.1.0.dylib in Frameworks */ = {isa = PBXBuildFile; fileRef = 2BE0D409227EF798002EAF5C /* libopencv_phase_unwrapping.4.1.0.dylib */; };
		2BE0D43A227EF798002EAF5C /* libopencv_surface_matching.4.1.0.dylib in Frameworks */ = {isa = PBXBuildFile; fileRef = 2BE0D40A227EF798002EAF5C /* libopencv_surface_matching.4.1.0.dylib */; };
		2BE0D43B227EF798002EAF5C /* libopencv_ml.4.1.0.dylib in Frameworks */ = {isa = PBXBuildFile; fileRef = 2BE0D40B227EF798002EAF5C /* libopencv_ml.4.1.0.dylib */; };
		2BE0D43C227EF798002EAF5C /* libopencv_xobjdetect.4.1.0.dylib in Frameworks */ = {isa = PBXBuildFile; fileRef = 2BE0D40C227EF798002EAF5C /* libopencv_xobjdetect.4.1.0.dylib */; };
		2BE0D43D227EF798002EAF5C /* libopencv_core.4.1.0.dylib in Frameworks */ = {isa = PBXBuildFile; fileRef = 2BE0D40D227EF798002EAF5C /* libopencv_core.4.1.0.dylib */; };
		2BE0D43E227EF798002EAF5C /* libopencv_plot.4.1.0.dylib in Frameworks */ = {isa = PBXBuildFile; fileRef = 2BE0D40E227EF798002EAF5C /* libopencv_plot.4.1.0.dylib */; };
		2BE0D43F227EF798002EAF5C /* libopencv_imgproc.4.1.0.dylib in Frameworks */ = {isa = PBXBuildFile; fileRef = 2BE0D40F227EF798002EAF5C /* libopencv_imgproc.4.1.0.dylib */; };
		2BE0D440227EF798002EAF5C /* libopencv_highgui.4.1.0.dylib in Frameworks */ = {isa = PBXBuildFile; fileRef = 2BE0D410227EF798002EAF5C /* libopencv_highgui.4.1.0.dylib */; };
		2BE0D441227EF798002EAF5C /* libopencv_objdetect.4.1.0.dylib in Frameworks */ = {isa = PBXBuildFile; fileRef = 2BE0D411227EF798002EAF5C /* libopencv_objdetect.4.1.0.dylib */; };
		2BE0D442227EF798002EAF5C /* libopencv_bgsegm.4.1.0.dylib in Frameworks */ = {isa = PBXBuildFile; fileRef = 2BE0D412227EF798002EAF5C /* libopencv_bgsegm.4.1.0.dylib */; };
		2BE0D443227EF798002EAF5C /* libopencv_quality.4.1.0.dylib in Frameworks */ = {isa = PBXBuildFile; fileRef = 2BE0D413227EF798002EAF5C /* libopencv_quality.4.1.0.dylib */; };
		2BE0D444227EF798002EAF5C /* libopencv_saliency.4.1.0.dylib in Frameworks */ = {isa = PBXBuildFile; fileRef = 2BE0D414227EF798002EAF5C /* libopencv_saliency.4.1.0.dylib */; };
		2BE0D445227EF798002EAF5C /* libopencv_sfm.4.1.0.dylib in Frameworks */ = {isa = PBXBuildFile; fileRef = 2BE0D415227EF798002EAF5C /* libopencv_sfm.4.1.0.dylib */; };
		2BE0D446227EF798002EAF5C /* libopencv_rgbd.4.1.0.dylib in Frameworks */ = {isa = PBXBuildFile; fileRef = 2BE0D416227EF798002EAF5C /* libopencv_rgbd.4.1.0.dylib */; };
		2BE0D447227EF798002EAF5C /* libopencv_photo.4.1.0.dylib in Frameworks */ = {isa = PBXBuildFile; fileRef = 2BE0D417227EF798002EAF5C /* libopencv_photo.4.1.0.dylib */; };
		2BE0D448227EF798002EAF5C /* libopencv_freetype.4.1.0.dylib in Frameworks */ = {isa = PBXBuildFile; fileRef = 2BE0D418227EF798002EAF5C /* libopencv_freetype.4.1.0.dylib */; };
		2BE0D449227EF798002EAF5C /* libopencv_aruco.4.1.0.dylib in Frameworks */ = {isa = PBXBuildFile; fileRef = 2BE0D419227EF798002EAF5C /* libopencv_aruco.4.1.0.dylib */; };
		2BE0D44A227EF798002EAF5C /* libopencv_features2d.4.1.0.dylib in Frameworks */ = {isa = PBXBuildFile; fileRef = 2BE0D41A227EF798002EAF5C /* libopencv_features2d.4.1.0.dylib */; };
		2BE0D44B227EF798002EAF5C /* libopencv_datasets.4.1.0.dylib in Frameworks */ = {isa = PBXBuildFile; fileRef = 2BE0D41B227EF798002EAF5C /* libopencv_datasets.4.1.0.dylib */; };
		2BE0D44C227EF798002EAF5C /* libopencv_optflow.4.1.0.dylib in Frameworks */ = {isa = PBXBuildFile; fileRef = 2BE0D41C227EF798002EAF5C /* libopencv_optflow.4.1.0.dylib */; };
		2BE0D44D227EF798002EAF5C /* libopencv_stitching.4.1.0.dylib in Frameworks */ = {isa = PBXBuildFile; fileRef = 2BE0D41D227EF798002EAF5C /* libopencv_stitching.4.1.0.dylib */; };
		2BE0D44E227EF798002EAF5C /* libopencv_video.4.1.0.dylib in Frameworks */ = {isa = PBXBuildFile; fileRef = 2BE0D41E227EF798002EAF5C /* libopencv_video.4.1.0.dylib */; };
/* End PBXBuildFile section */

/* Begin PBXCopyFilesBuildPhase section */
		2B52817F227692C8007B880F /* CopyFiles */ = {
			isa = PBXCopyFilesBuildPhase;
			buildActionMask = 2147483647;
			dstPath = /usr/share/man/man1/;
			dstSubfolderSpec = 0;
			files = (
			);
			runOnlyForDeploymentPostprocessing = 1;
		};
/* End PBXCopyFilesBuildPhase section */

/* Begin PBXFileReference section */
		2B275B412294FA3B00E6111C /* OpenCvCamera.cpp */ = {isa = PBXFileReference; lastKnownFileType = sourcecode.cpp.cpp; path = OpenCvCamera.cpp; sourceTree = "<group>"; };
		2B275B422294FA3B00E6111C /* OpenCvCamera.hpp */ = {isa = PBXFileReference; lastKnownFileType = sourcecode.cpp.h; path = OpenCvCamera.hpp; sourceTree = "<group>"; };
		2B528181227692C8007B880F /* FF_Rtmp */ = {isa = PBXFileReference; explicitFileType = "compiled.mach-o.executable"; includeInIndex = 0; path = FF_Rtmp; sourceTree = BUILT_PRODUCTS_DIR; };
		2B528184227692C8007B880F /* main.cpp */ = {isa = PBXFileReference; lastKnownFileType = sourcecode.cpp.cpp; path = main.cpp; sourceTree = "<group>"; };
		2B52818C22769720007B880F /* libpostproc.a */ = {isa = PBXFileReference; lastKnownFileType = archive.ar; name = libpostproc.a; path = ../../../../../../usr/local/Cellar/ffmpeg/4.1.2/lib/libpostproc.a; sourceTree = "<group>"; };
		2B52818D22769720007B880F /* libavcodec.a */ = {isa = PBXFileReference; lastKnownFileType = archive.ar; name = libavcodec.a; path = ../../../../../../usr/local/Cellar/ffmpeg/4.1.2/lib/libavcodec.a; sourceTree = "<group>"; };
		2B52818E22769720007B880F /* libswscale.a */ = {isa = PBXFileReference; lastKnownFileType = archive.ar; name = libswscale.a; path = ../../../../../../usr/local/Cellar/ffmpeg/4.1.2/lib/libswscale.a; sourceTree = "<group>"; };
		2B52818F22769720007B880F /* libswresample.a */ = {isa = PBXFileReference; lastKnownFileType = archive.ar; name = libswresample.a; path = ../../../../../../usr/local/Cellar/ffmpeg/4.1.2/lib/libswresample.a; sourceTree = "<group>"; };
		2B52819022769720007B880F /* libavformat.a */ = {isa = PBXFileReference; lastKnownFileType = archive.ar; name = libavformat.a; path = ../../../../../../usr/local/Cellar/ffmpeg/4.1.2/lib/libavformat.a; sourceTree = "<group>"; };
		2B52819122769720007B880F /* libavutil.a */ = {isa = PBXFileReference; lastKnownFileType = archive.ar; name = libavutil.a; path = ../../../../../../usr/local/Cellar/ffmpeg/4.1.2/lib/libavutil.a; sourceTree = "<group>"; };
		2B52819222769720007B880F /* libavdevice.a */ = {isa = PBXFileReference; lastKnownFileType = archive.ar; name = libavdevice.a; path = ../../../../../../usr/local/Cellar/ffmpeg/4.1.2/lib/libavdevice.a; sourceTree = "<group>"; };
		2B52819322769720007B880F /* libavresample.a */ = {isa = PBXFileReference; lastKnownFileType = archive.ar; name = libavresample.a; path = ../../../../../../usr/local/Cellar/ffmpeg/4.1.2/lib/libavresample.a; sourceTree = "<group>"; };
		2B52819422769720007B880F /* libavfilter.a */ = {isa = PBXFileReference; lastKnownFileType = archive.ar; name = libavfilter.a; path = ../../../../../../usr/local/Cellar/ffmpeg/4.1.2/lib/libavfilter.a; sourceTree = "<group>"; };
		2BE0D3E9227EBC27002EAF5C /* RtmpPusher.cpp */ = {isa = PBXFileReference; lastKnownFileType = sourcecode.cpp.cpp; path = RtmpPusher.cpp; sourceTree = "<group>"; };
		2BE0D3EA227EBC27002EAF5C /* RtmpPusher.hpp */ = {isa = PBXFileReference; lastKnownFileType = sourcecode.cpp.h; path = RtmpPusher.hpp; sourceTree = "<group>"; };
		2BE0D3EF227EF797002EAF5C /* libopencv_videostab.4.1.0.dylib */ = {isa = PBXFileReference; lastKnownFileType = "compiled.mach-o.dylib"; name = libopencv_videostab.4.1.0.dylib; path = ../../../../../../usr/local/Cellar/opencv/4.1.0_1/lib/libopencv_videostab.4.1.0.dylib; sourceTree = "<group>"; };
		2BE0D3F0227EF797002EAF5C /* libopencv_xfeatures2d.4.1.0.dylib */ = {isa = PBXFileReference; lastKnownFileType = "compiled.mach-o.dylib"; name = libopencv_xfeatures2d.4.1.0.dylib; path = ../../../../../../usr/local/Cellar/opencv/4.1.0_1/lib/libopencv_xfeatures2d.4.1.0.dylib; sourceTree = "<group>"; };
		2BE0D3F1227EF797002EAF5C /* libopencv_dnn.4.1.0.dylib */ = {isa = PBXFileReference; lastKnownFileType = "compiled.mach-o.dylib"; name = libopencv_dnn.4.1.0.dylib; path = ../../../../../../usr/local/Cellar/opencv/4.1.0_1/lib/libopencv_dnn.4.1.0.dylib; sourceTree = "<group>"; };
		2BE0D3F2227EF797002EAF5C /* libopencv_shape.4.1.0.dylib */ = {isa = PBXFileReference; lastKnownFileType = "compiled.mach-o.dylib"; name = libopencv_shape.4.1.0.dylib; path = ../../../../../../usr/local/Cellar/opencv/4.1.0_1/lib/libopencv_shape.4.1.0.dylib; sourceTree = "<group>"; };
		2BE0D3F3227EF797002EAF5C /* libopencv_dpm.4.1.0.dylib */ = {isa = PBXFileReference; lastKnownFileType = "compiled.mach-o.dylib"; name = libopencv_dpm.4.1.0.dylib; path = ../../../../../../usr/local/Cellar/opencv/4.1.0_1/lib/libopencv_dpm.4.1.0.dylib; sourceTree = "<group>"; };
		2BE0D3F4227EF797002EAF5C /* libopencv_gapi.4.1.0.dylib */ = {isa = PBXFileReference; lastKnownFileType = "compiled.mach-o.dylib"; name = libopencv_gapi.4.1.0.dylib; path = ../../../../../../usr/local/Cellar/opencv/4.1.0_1/lib/libopencv_gapi.4.1.0.dylib; sourceTree = "<group>"; };
		2BE0D3F5227EF797002EAF5C /* libopencv_bioinspired.4.1.0.dylib */ = {isa = PBXFileReference; lastKnownFileType = "compiled.mach-o.dylib"; name = libopencv_bioinspired.4.1.0.dylib; path = ../../../../../../usr/local/Cellar/opencv/4.1.0_1/lib/libopencv_bioinspired.4.1.0.dylib; sourceTree = "<group>"; };
		2BE0D3F6227EF797002EAF5C /* libopencv_superres.4.1.0.dylib */ = {isa = PBXFileReference; lastKnownFileType = "compiled.mach-o.dylib"; name = libopencv_superres.4.1.0.dylib; path = ../../../../../../usr/local/Cellar/opencv/4.1.0_1/lib/libopencv_superres.4.1.0.dylib; sourceTree = "<group>"; };
		2BE0D3F7227EF797002EAF5C /* libopencv_tracking.4.1.0.dylib */ = {isa = PBXFileReference; lastKnownFileType = "compiled.mach-o.dylib"; name = libopencv_tracking.4.1.0.dylib; path = ../../../../../../usr/local/Cellar/opencv/4.1.0_1/lib/libopencv_tracking.4.1.0.dylib; sourceTree = "<group>"; };
		2BE0D3F8227EF797002EAF5C /* libopencv_img_hash.4.1.0.dylib */ = {isa = PBXFileReference; lastKnownFileType = "compiled.mach-o.dylib"; name = libopencv_img_hash.4.1.0.dylib; path = ../../../../../../usr/local/Cellar/opencv/4.1.0_1/lib/libopencv_img_hash.4.1.0.dylib; sourceTree = "<group>"; };
		2BE0D3F9227EF797002EAF5C /* libopencv_line_descriptor.4.1.0.dylib */ = {isa = PBXFileReference; lastKnownFileType = "compiled.mach-o.dylib"; name = libopencv_line_descriptor.4.1.0.dylib; path = ../../../../../../usr/local/Cellar/opencv/4.1.0_1/lib/libopencv_line_descriptor.4.1.0.dylib; sourceTree = "<group>"; };
		2BE0D3FA227EF797002EAF5C /* libopencv_calib3d.4.1.0.dylib */ = {isa = PBXFileReference; lastKnownFileType = "compiled.mach-o.dylib"; name = libopencv_calib3d.4.1.0.dylib; path = ../../../../../../usr/local/Cellar/opencv/4.1.0_1/lib/libopencv_calib3d.4.1.0.dylib; sourceTree = "<group>"; };
		2BE0D3FB227EF797002EAF5C /* libopencv_videoio.4.1.0.dylib */ = {isa = PBXFileReference; lastKnownFileType = "compiled.mach-o.dylib"; name = libopencv_videoio.4.1.0.dylib; path = ../../../../../../usr/local/Cellar/opencv/4.1.0_1/lib/libopencv_videoio.4.1.0.dylib; sourceTree = "<group>"; };
		2BE0D3FC227EF797002EAF5C /* libopencv_xphoto.4.1.0.dylib */ = {isa = PBXFileReference; lastKnownFileType = "compiled.mach-o.dylib"; name = libopencv_xphoto.4.1.0.dylib; path = ../../../../../../usr/local/Cellar/opencv/4.1.0_1/lib/libopencv_xphoto.4.1.0.dylib; sourceTree = "<group>"; };
		2BE0D3FD227EF797002EAF5C /* libopencv_text.4.1.0.dylib */ = {isa = PBXFileReference; lastKnownFileType = "compiled.mach-o.dylib"; name = libopencv_text.4.1.0.dylib; path = ../../../../../../usr/local/Cellar/opencv/4.1.0_1/lib/libopencv_text.4.1.0.dylib; sourceTree = "<group>"; };
		2BE0D3FE227EF797002EAF5C /* libopencv_imgcodecs.4.1.0.dylib */ = {isa = PBXFileReference; lastKnownFileType = "compiled.mach-o.dylib"; name = libopencv_imgcodecs.4.1.0.dylib; path = ../../../../../../usr/local/Cellar/opencv/4.1.0_1/lib/libopencv_imgcodecs.4.1.0.dylib; sourceTree = "<group>"; };
		2BE0D3FF227EF797002EAF5C /* libopencv_fuzzy.4.1.0.dylib */ = {isa = PBXFileReference; lastKnownFileType = "compiled.mach-o.dylib"; name = libopencv_fuzzy.4.1.0.dylib; path = ../../../../../../usr/local/Cellar/opencv/4.1.0_1/lib/libopencv_fuzzy.4.1.0.dylib; sourceTree = "<group>"; };
		2BE0D400227EF797002EAF5C /* libopencv_reg.4.1.0.dylib */ = {isa = PBXFileReference; lastKnownFileType = "compiled.mach-o.dylib"; name = libopencv_reg.4.1.0.dylib; path = ../../../../../../usr/local/Cellar/opencv/4.1.0_1/lib/libopencv_reg.4.1.0.dylib; sourceTree = "<group>"; };
		2BE0D401227EF797002EAF5C /* libopencv_stereo.4.1.0.dylib */ = {isa = PBXFileReference; lastKnownFileType = "compiled.mach-o.dylib"; name = libopencv_stereo.4.1.0.dylib; path = ../../../../../../usr/local/Cellar/opencv/4.1.0_1/lib/libopencv_stereo.4.1.0.dylib; sourceTree = "<group>"; };
		2BE0D402227EF797002EAF5C /* libopencv_structured_light.4.1.0.dylib */ = {isa = PBXFileReference; lastKnownFileType = "compiled.mach-o.dylib"; name = libopencv_structured_light.4.1.0.dylib; path = ../../../../../../usr/local/Cellar/opencv/4.1.0_1/lib/libopencv_structured_light.4.1.0.dylib; sourceTree = "<group>"; };
		2BE0D403227EF797002EAF5C /* libopencv_ccalib.4.1.0.dylib */ = {isa = PBXFileReference; lastKnownFileType = "compiled.mach-o.dylib"; name = libopencv_ccalib.4.1.0.dylib; path = ../../../../../../usr/local/Cellar/opencv/4.1.0_1/lib/libopencv_ccalib.4.1.0.dylib; sourceTree = "<group>"; };
		2BE0D404227EF797002EAF5C /* libopencv_hfs.4.1.0.dylib */ = {isa = PBXFileReference; lastKnownFileType = "compiled.mach-o.dylib"; name = libopencv_hfs.4.1.0.dylib; path = ../../../../../../usr/local/Cellar/opencv/4.1.0_1/lib/libopencv_hfs.4.1.0.dylib; sourceTree = "<group>"; };
		2BE0D405227EF797002EAF5C /* libopencv_dnn_objdetect.4.1.0.dylib */ = {isa = PBXFileReference; lastKnownFileType = "compiled.mach-o.dylib"; name = libopencv_dnn_objdetect.4.1.0.dylib; path = ../../../../../../usr/local/Cellar/opencv/4.1.0_1/lib/libopencv_dnn_objdetect.4.1.0.dylib; sourceTree = "<group>"; };
		2BE0D406227EF798002EAF5C /* libopencv_flann.4.1.0.dylib */ = {isa = PBXFileReference; lastKnownFileType = "compiled.mach-o.dylib"; name = libopencv_flann.4.1.0.dylib; path = ../../../../../../usr/local/Cellar/opencv/4.1.0_1/lib/libopencv_flann.4.1.0.dylib; sourceTree = "<group>"; };
		2BE0D407227EF798002EAF5C /* libopencv_face.4.1.0.dylib */ = {isa = PBXFileReference; lastKnownFileType = "compiled.mach-o.dylib"; name = libopencv_face.4.1.0.dylib; path = ../../../../../../usr/local/Cellar/opencv/4.1.0_1/lib/libopencv_face.4.1.0.dylib; sourceTree = "<group>"; };
		2BE0D408227EF798002EAF5C /* libopencv_ximgproc.4.1.0.dylib */ = {isa = PBXFileReference; lastKnownFileType = "compiled.mach-o.dylib"; name = libopencv_ximgproc.4.1.0.dylib; path = ../../../../../../usr/local/Cellar/opencv/4.1.0_1/lib/libopencv_ximgproc.4.1.0.dylib; sourceTree = "<group>"; };
		2BE0D409227EF798002EAF5C /* libopencv_phase_unwrapping.4.1.0.dylib */ = {isa = PBXFileReference; lastKnownFileType = "compiled.mach-o.dylib"; name = libopencv_phase_unwrapping.4.1.0.dylib; path = ../../../../../../usr/local/Cellar/opencv/4.1.0_1/lib/libopencv_phase_unwrapping.4.1.0.dylib; sourceTree = "<group>"; };
		2BE0D40A227EF798002EAF5C /* libopencv_surface_matching.4.1.0.dylib */ = {isa = PBXFileReference; lastKnownFileType = "compiled.mach-o.dylib"; name = libopencv_surface_matching.4.1.0.dylib; path = ../../../../../../usr/local/Cellar/opencv/4.1.0_1/lib/libopencv_surface_matching.4.1.0.dylib; sourceTree = "<group>"; };
		2BE0D40B227EF798002EAF5C /* libopencv_ml.4.1.0.dylib */ = {isa = PBXFileReference; lastKnownFileType = "compiled.mach-o.dylib"; name = libopencv_ml.4.1.0.dylib; path = ../../../../../../usr/local/Cellar/opencv/4.1.0_1/lib/libopencv_ml.4.1.0.dylib; sourceTree = "<group>"; };
		2BE0D40C227EF798002EAF5C /* libopencv_xobjdetect.4.1.0.dylib */ = {isa = PBXFileReference; lastKnownFileType = "compiled.mach-o.dylib"; name = libopencv_xobjdetect.4.1.0.dylib; path = ../../../../../../usr/local/Cellar/opencv/4.1.0_1/lib/libopencv_xobjdetect.4.1.0.dylib; sourceTree = "<group>"; };
		2BE0D40D227EF798002EAF5C /* libopencv_core.4.1.0.dylib */ = {isa = PBXFileReference; lastKnownFileType = "compiled.mach-o.dylib"; name = libopencv_core.4.1.0.dylib; path = ../../../../../../usr/local/Cellar/opencv/4.1.0_1/lib/libopencv_core.4.1.0.dylib; sourceTree = "<group>"; };
		2BE0D40E227EF798002EAF5C /* libopencv_plot.4.1.0.dylib */ = {isa = PBXFileReference; lastKnownFileType = "compiled.mach-o.dylib"; name = libopencv_plot.4.1.0.dylib; path = ../../../../../../usr/local/Cellar/opencv/4.1.0_1/lib/libopencv_plot.4.1.0.dylib; sourceTree = "<group>"; };
		2BE0D40F227EF798002EAF5C /* libopencv_imgproc.4.1.0.dylib */ = {isa = PBXFileReference; lastKnownFileType = "compiled.mach-o.dylib"; name = libopencv_imgproc.4.1.0.dylib; path = ../../../../../../usr/local/Cellar/opencv/4.1.0_1/lib/libopencv_imgproc.4.1.0.dylib; sourceTree = "<group>"; };
		2BE0D410227EF798002EAF5C /* libopencv_highgui.4.1.0.dylib */ = {isa = PBXFileReference; lastKnownFileType = "compiled.mach-o.dylib"; name = libopencv_highgui.4.1.0.dylib; path = ../../../../../../usr/local/Cellar/opencv/4.1.0_1/lib/libopencv_highgui.4.1.0.dylib; sourceTree = "<group>"; };
		2BE0D411227EF798002EAF5C /* libopencv_objdetect.4.1.0.dylib */ = {isa = PBXFileReference; lastKnownFileType = "compiled.mach-o.dylib"; name = libopencv_objdetect.4.1.0.dylib; path = ../../../../../../usr/local/Cellar/opencv/4.1.0_1/lib/libopencv_objdetect.4.1.0.dylib; sourceTree = "<group>"; };
		2BE0D412227EF798002EAF5C /* libopencv_bgsegm.4.1.0.dylib */ = {isa = PBXFileReference; lastKnownFileType = "compiled.mach-o.dylib"; name = libopencv_bgsegm.4.1.0.dylib; path = ../../../../../../usr/local/Cellar/opencv/4.1.0_1/lib/libopencv_bgsegm.4.1.0.dylib; sourceTree = "<group>"; };
		2BE0D413227EF798002EAF5C /* libopencv_quality.4.1.0.dylib */ = {isa = PBXFileReference; lastKnownFileType = "compiled.mach-o.dylib"; name = libopencv_quality.4.1.0.dylib; path = ../../../../../../usr/local/Cellar/opencv/4.1.0_1/lib/libopencv_quality.4.1.0.dylib; sourceTree = "<group>"; };
		2BE0D414227EF798002EAF5C /* libopencv_saliency.4.1.0.dylib */ = {isa = PBXFileReference; lastKnownFileType = "compiled.mach-o.dylib"; name = libopencv_saliency.4.1.0.dylib; path = ../../../../../../usr/local/Cellar/opencv/4.1.0_1/lib/libopencv_saliency.4.1.0.dylib; sourceTree = "<group>"; };
		2BE0D415227EF798002EAF5C /* libopencv_sfm.4.1.0.dylib */ = {isa = PBXFileReference; lastKnownFileType = "compiled.mach-o.dylib"; name = libopencv_sfm.4.1.0.dylib; path = ../../../../../../usr/local/Cellar/opencv/4.1.0_1/lib/libopencv_sfm.4.1.0.dylib; sourceTree = "<group>"; };
		2BE0D416227EF798002EAF5C /* libopencv_rgbd.4.1.0.dylib */ = {isa = PBXFileReference; lastKnownFileType = "compiled.mach-o.dylib"; name = libopencv_rgbd.4.1.0.dylib; path = ../../../../../../usr/local/Cellar/opencv/4.1.0_1/lib/libopencv_rgbd.4.1.0.dylib; sourceTree = "<group>"; };
		2BE0D417227EF798002EAF5C /* libopencv_photo.4.1.0.dylib */ = {isa = PBXFileReference; lastKnownFileType = "compiled.mach-o.dylib"; name = libopencv_photo.4.1.0.dylib; path = ../../../../../../usr/local/Cellar/opencv/4.1.0_1/lib/libopencv_photo.4.1.0.dylib; sourceTree = "<group>"; };
		2BE0D418227EF798002EAF5C /* libopencv_freetype.4.1.0.dylib */ = {isa = PBXFileReference; lastKnownFileType = "compiled.mach-o.dylib"; name = libopencv_freetype.4.1.0.dylib; path = ../../../../../../usr/local/Cellar/opencv/4.1.0_1/lib/libopencv_freetype.4.1.0.dylib; sourceTree = "<group>"; };
		2BE0D419227EF798002EAF5C /* libopencv_aruco.4.1.0.dylib */ = {isa = PBXFileReference; lastKnownFileType = "compiled.mach-o.dylib"; name = libopencv_aruco.4.1.0.dylib; path = ../../../../../../usr/local/Cellar/opencv/4.1.0_1/lib/libopencv_aruco.4.1.0.dylib; sourceTree = "<group>"; };
		2BE0D41A227EF798002EAF5C /* libopencv_features2d.4.1.0.dylib */ = {isa = PBXFileReference; lastKnownFileType = "compiled.mach-o.dylib"; name = libopencv_features2d.4.1.0.dylib; path = ../../../../../../usr/local/Cellar/opencv/4.1.0_1/lib/libopencv_features2d.4.1.0.dylib; sourceTree = "<group>"; };
		2BE0D41B227EF798002EAF5C /* libopencv_datasets.4.1.0.dylib */ = {isa = PBXFileReference; lastKnownFileType = "compiled.mach-o.dylib"; name = libopencv_datasets.4.1.0.dylib; path = ../../../../../../usr/local/Cellar/opencv/4.1.0_1/lib/libopencv_datasets.4.1.0.dylib; sourceTree = "<group>"; };
		2BE0D41C227EF798002EAF5C /* libopencv_optflow.4.1.0.dylib */ = {isa = PBXFileReference; lastKnownFileType = "compiled.mach-o.dylib"; name = libopencv_optflow.4.1.0.dylib; path = ../../../../../../usr/local/Cellar/opencv/4.1.0_1/lib/libopencv_optflow.4.1.0.dylib; sourceTree = "<group>"; };
		2BE0D41D227EF798002EAF5C /* libopencv_stitching.4.1.0.dylib */ = {isa = PBXFileReference; lastKnownFileType = "compiled.mach-o.dylib"; name = libopencv_stitching.4.1.0.dylib; path = ../../../../../../usr/local/Cellar/opencv/4.1.0_1/lib/libopencv_stitching.4.1.0.dylib; sourceTree = "<group>"; };
		2BE0D41E227EF798002EAF5C /* libopencv_video.4.1.0.dylib */ = {isa = PBXFileReference; lastKnownFileType = "compiled.mach-o.dylib"; name = libopencv_video.4.1.0.dylib; path = ../../../../../../usr/local/Cellar/opencv/4.1.0_1/lib/libopencv_video.4.1.0.dylib; sourceTree = "<group>"; };
/* End PBXFileReference section */

/* Begin PBXFrameworksBuildPhase section */
		2B52817E227692C8007B880F /* Frameworks */ = {
			isa = PBXFrameworksBuildPhase;
			buildActionMask = 2147483647;
			files = (
				2BE0D41F227EF798002EAF5C /* libopencv_videostab.4.1.0.dylib in Frameworks */,
				2BE0D420227EF798002EAF5C /* libopencv_xfeatures2d.4.1.0.dylib in Frameworks */,
				2BE0D421227EF798002EAF5C /* libopencv_dnn.4.1.0.dylib in Frameworks */,
				2BE0D422227EF798002EAF5C /* libopencv_shape.4.1.0.dylib in Frameworks */,
				2BE0D423227EF798002EAF5C /* libopencv_dpm.4.1.0.dylib in Frameworks */,
				2BE0D424227EF798002EAF5C /* libopencv_gapi.4.1.0.dylib in Frameworks */,
				2BE0D425227EF798002EAF5C /* libopencv_bioinspired.4.1.0.dylib in Frameworks */,
				2BE0D426227EF798002EAF5C /* libopencv_superres.4.1.0.dylib in Frameworks */,
				2BE0D427227EF798002EAF5C /* libopencv_tracking.4.1.0.dylib in Frameworks */,
				2BE0D428227EF798002EAF5C /* libopencv_img_hash.4.1.0.dylib in Frameworks */,
				2BE0D429227EF798002EAF5C /* libopencv_line_descriptor.4.1.0.dylib in Frameworks */,
				2BE0D42A227EF798002EAF5C /* libopencv_calib3d.4.1.0.dylib in Frameworks */,
				2BE0D42B227EF798002EAF5C /* libopencv_videoio.4.1.0.dylib in Frameworks */,
				2BE0D42C227EF798002EAF5C /* libopencv_xphoto.4.1.0.dylib in Frameworks */,
				2BE0D42D227EF798002EAF5C /* libopencv_text.4.1.0.dylib in Frameworks */,
				2BE0D42E227EF798002EAF5C /* libopencv_imgcodecs.4.1.0.dylib in Frameworks */,
				2BE0D42F227EF798002EAF5C /* libopencv_fuzzy.4.1.0.dylib in Frameworks */,
				2BE0D430227EF798002EAF5C /* libopencv_reg.4.1.0.dylib in Frameworks */,
				2BE0D431227EF798002EAF5C /* libopencv_stereo.4.1.0.dylib in Frameworks */,
				2BE0D432227EF798002EAF5C /* libopencv_structured_light.4.1.0.dylib in Frameworks */,
				2BE0D433227EF798002EAF5C /* libopencv_ccalib.4.1.0.dylib in Frameworks */,
				2BE0D434227EF798002EAF5C /* libopencv_hfs.4.1.0.dylib in Frameworks */,
				2BE0D435227EF798002EAF5C /* libopencv_dnn_objdetect.4.1.0.dylib in Frameworks */,
				2BE0D436227EF798002EAF5C /* libopencv_flann.4.1.0.dylib in Frameworks */,
				2BE0D437227EF798002EAF5C /* libopencv_face.4.1.0.dylib in Frameworks */,
				2BE0D438227EF798002EAF5C /* libopencv_ximgproc.4.1.0.dylib in Frameworks */,
				2BE0D439227EF798002EAF5C /* libopencv_phase_unwrapping.4.1.0.dylib in Frameworks */,
				2BE0D43A227EF798002EAF5C /* libopencv_surface_matching.4.1.0.dylib in Frameworks */,
				2BE0D43B227EF798002EAF5C /* libopencv_ml.4.1.0.dylib in Frameworks */,
				2BE0D43C227EF798002EAF5C /* libopencv_xobjdetect.4.1.0.dylib in Frameworks */,
				2BE0D43D227EF798002EAF5C /* libopencv_core.4.1.0.dylib in Frameworks */,
				2BE0D43E227EF798002EAF5C /* libopencv_plot.4.1.0.dylib in Frameworks */,
				2BE0D43F227EF798002EAF5C /* libopencv_imgproc.4.1.0.dylib in Frameworks */,
				2BE0D440227EF798002EAF5C /* libopencv_highgui.4.1.0.dylib in Frameworks */,
				2BE0D441227EF798002EAF5C /* libopencv_objdetect.4.1.0.dylib in Frameworks */,
				2BE0D442227EF798002EAF5C /* libopencv_bgsegm.4.1.0.dylib in Frameworks */,
				2BE0D443227EF798002EAF5C /* libopencv_quality.4.1.0.dylib in Frameworks */,
				2BE0D444227EF798002EAF5C /* libopencv_saliency.4.1.0.dylib in Frameworks */,
				2BE0D445227EF798002EAF5C /* libopencv_sfm.4.1.0.dylib in Frameworks */,
				2BE0D446227EF798002EAF5C /* libopencv_rgbd.4.1.0.dylib in Frameworks */,
				2BE0D447227EF798002EAF5C /* libopencv_photo.4.1.0.dylib in Frameworks */,
				2BE0D448227EF798002EAF5C /* libopencv_freetype.4.1.0.dylib in Frameworks */,
				2BE0D449227EF798002EAF5C /* libopencv_aruco.4.1.0.dylib in Frameworks */,
				2BE0D44A227EF798002EAF5C /* libopencv_features2d.4.1.0.dylib in Frameworks */,
				2BE0D44B227EF798002EAF5C /* libopencv_datasets.4.1.0.dylib in Frameworks */,
				2BE0D44C227EF798002EAF5C /* libopencv_optflow.4.1.0.dylib in Frameworks */,
				2BE0D44D227EF798002EAF5C /* libopencv_stitching.4.1.0.dylib in Frameworks */,
				2BE0D44E227EF798002EAF5C /* libopencv_video.4.1.0.dylib in Frameworks */,
				2B52819522769720007B880F /* libpostproc.a in Frameworks */,
				2B52819622769720007B880F /* libavcodec.a in Frameworks */,
				2B52819722769720007B880F /* libswscale.a in Frameworks */,
				2B52819822769720007B880F /* libswresample.a in Frameworks */,
				2B52819922769720007B880F /* libavformat.a in Frameworks */,
				2B52819A22769720007B880F /* libavutil.a in Frameworks */,
				2B52819B22769720007B880F /* libavdevice.a in Frameworks */,
				2B52819C22769720007B880F /* libavresample.a in Frameworks */,
				2B52819D22769720007B880F /* libavfilter.a in Frameworks */,
			);
			runOnlyForDeploymentPostprocessing = 0;
		};
/* End PBXFrameworksBuildPhase section */

/* Begin PBXGroup section */
		2B528178227692C8007B880F = {
			isa = PBXGroup;
			children = (
				2B528183227692C8007B880F /* FF_Rtmp */,
				2B528182227692C8007B880F /* Products */,
				2B52818B22769720007B880F /* Frameworks */,
			);
			sourceTree = "<group>";
		};
		2B528182227692C8007B880F /* Products */ = {
			isa = PBXGroup;
			children = (
				2B528181227692C8007B880F /* FF_Rtmp */,
			);
			name = Products;
			sourceTree = "<group>";
		};
		2B528183227692C8007B880F /* FF_Rtmp */ = {
			isa = PBXGroup;
			children = (
				2B528184227692C8007B880F /* main.cpp */,
				2BE0D3E9227EBC27002EAF5C /* RtmpPusher.cpp */,
				2BE0D3EA227EBC27002EAF5C /* RtmpPusher.hpp */,
				2B275B412294FA3B00E6111C /* OpenCvCamera.cpp */,
				2B275B422294FA3B00E6111C /* OpenCvCamera.hpp */,
			);
			path = FF_Rtmp;
			sourceTree = "<group>";
		};
		2B52818B22769720007B880F /* Frameworks */ = {
			isa = PBXGroup;
			children = (
				2BE0D419227EF798002EAF5C /* libopencv_aruco.4.1.0.dylib */,
				2BE0D412227EF798002EAF5C /* libopencv_bgsegm.4.1.0.dylib */,
				2BE0D3F5227EF797002EAF5C /* libopencv_bioinspired.4.1.0.dylib */,
				2BE0D3FA227EF797002EAF5C /* libopencv_calib3d.4.1.0.dylib */,
				2BE0D403227EF797002EAF5C /* libopencv_ccalib.4.1.0.dylib */,
				2BE0D40D227EF798002EAF5C /* libopencv_core.4.1.0.dylib */,
				2BE0D41B227EF798002EAF5C /* libopencv_datasets.4.1.0.dylib */,
				2BE0D405227EF797002EAF5C /* libopencv_dnn_objdetect.4.1.0.dylib */,
				2BE0D3F1227EF797002EAF5C /* libopencv_dnn.4.1.0.dylib */,
				2BE0D3F3227EF797002EAF5C /* libopencv_dpm.4.1.0.dylib */,
				2BE0D407227EF798002EAF5C /* libopencv_face.4.1.0.dylib */,
				2BE0D41A227EF798002EAF5C /* libopencv_features2d.4.1.0.dylib */,
				2BE0D406227EF798002EAF5C /* libopencv_flann.4.1.0.dylib */,
				2BE0D418227EF798002EAF5C /* libopencv_freetype.4.1.0.dylib */,
				2BE0D3FF227EF797002EAF5C /* libopencv_fuzzy.4.1.0.dylib */,
				2BE0D3F4227EF797002EAF5C /* libopencv_gapi.4.1.0.dylib */,
				2BE0D404227EF797002EAF5C /* libopencv_hfs.4.1.0.dylib */,
				2BE0D410227EF798002EAF5C /* libopencv_highgui.4.1.0.dylib */,
				2BE0D3F8227EF797002EAF5C /* libopencv_img_hash.4.1.0.dylib */,
				2BE0D3FE227EF797002EAF5C /* libopencv_imgcodecs.4.1.0.dylib */,
				2BE0D40F227EF798002EAF5C /* libopencv_imgproc.4.1.0.dylib */,
				2BE0D3F9227EF797002EAF5C /* libopencv_line_descriptor.4.1.0.dylib */,
				2BE0D40B227EF798002EAF5C /* libopencv_ml.4.1.0.dylib */,
				2BE0D411227EF798002EAF5C /* libopencv_objdetect.4.1.0.dylib */,
				2BE0D41C227EF798002EAF5C /* libopencv_optflow.4.1.0.dylib */,
				2BE0D409227EF798002EAF5C /* libopencv_phase_unwrapping.4.1.0.dylib */,
				2BE0D417227EF798002EAF5C /* libopencv_photo.4.1.0.dylib */,
				2BE0D40E227EF798002EAF5C /* libopencv_plot.4.1.0.dylib */,
				2BE0D413227EF798002EAF5C /* libopencv_quality.4.1.0.dylib */,
				2BE0D400227EF797002EAF5C /* libopencv_reg.4.1.0.dylib */,
				2BE0D416227EF798002EAF5C /* libopencv_rgbd.4.1.0.dylib */,
				2BE0D414227EF798002EAF5C /* libopencv_saliency.4.1.0.dylib */,
				2BE0D415227EF798002EAF5C /* libopencv_sfm.4.1.0.dylib */,
				2BE0D3F2227EF797002EAF5C /* libopencv_shape.4.1.0.dylib */,
				2BE0D401227EF797002EAF5C /* libopencv_stereo.4.1.0.dylib */,
				2BE0D41D227EF798002EAF5C /* libopencv_stitching.4.1.0.dylib */,
				2BE0D402227EF797002EAF5C /* libopencv_structured_light.4.1.0.dylib */,
				2BE0D3F6227EF797002EAF5C /* libopencv_superres.4.1.0.dylib */,
				2BE0D40A227EF798002EAF5C /* libopencv_surface_matching.4.1.0.dylib */,
				2BE0D3FD227EF797002EAF5C /* libopencv_text.4.1.0.dylib */,
				2BE0D3F7227EF797002EAF5C /* libopencv_tracking.4.1.0.dylib */,
				2BE0D41E227EF798002EAF5C /* libopencv_video.4.1.0.dylib */,
				2BE0D3FB227EF797002EAF5C /* libopencv_videoio.4.1.0.dylib */,
				2BE0D3EF227EF797002EAF5C /* libopencv_videostab.4.1.0.dylib */,
				2BE0D3F0227EF797002EAF5C /* libopencv_xfeatures2d.4.1.0.dylib */,
				2BE0D408227EF798002EAF5C /* libopencv_ximgproc.4.1.0.dylib */,
				2BE0D40C227EF798002EAF5C /* libopencv_xobjdetect.4.1.0.dylib */,
				2BE0D3FC227EF797002EAF5C /* libopencv_xphoto.4.1.0.dylib */,
				2B52818D22769720007B880F /* libavcodec.a */,
				2B52819222769720007B880F /* libavdevice.a */,
				2B52819422769720007B880F /* libavfilter.a */,
				2B52819022769720007B880F /* libavformat.a */,
				2B52819322769720007B880F /* libavresample.a */,
				2B52819122769720007B880F /* libavutil.a */,
				2B52818C22769720007B880F /* libpostproc.a */,
				2B52818F22769720007B880F /* libswresample.a */,
				2B52818E22769720007B880F /* libswscale.a */,
			);
			name = Frameworks;
			sourceTree = "<group>";
		};
/* End PBXGroup section */

/* Begin PBXNativeTarget section */
		2B528180227692C8007B880F /* FF_Rtmp */ = {
			isa = PBXNativeTarget;
			buildConfigurationList = 2B528188227692C8007B880F /* Build configuration list for PBXNativeTarget "FF_Rtmp" */;
			buildPhases = (
				2B52817D227692C8007B880F /* Sources */,
				2B52817E227692C8007B880F /* Frameworks */,
				2B52817F227692C8007B880F /* CopyFiles */,
			);
			buildRules = (
			);
			dependencies = (
			);
			name = FF_Rtmp;
			productName = FF_Rtmp;
			productReference = 2B528181227692C8007B880F /* FF_Rtmp */;
			productType = "com.apple.product-type.tool";
		};
/* End PBXNativeTarget section */

/* Begin PBXProject section */
		2B528179227692C8007B880F /* Project object */ = {
			isa = PBXProject;
			attributes = {
				LastUpgradeCheck = 1020;
				ORGANIZATIONNAME = "叶亮";
				TargetAttributes = {
					2B528180227692C8007B880F = {
						CreatedOnToolsVersion = 10.2.1;
					};
				};
			};
			buildConfigurationList = 2B52817C227692C8007B880F /* Build configuration list for PBXProject "FF_Rtmp" */;
			compatibilityVersion = "Xcode 9.3";
			developmentRegion = en;
			hasScannedForEncodings = 0;
			knownRegions = (
				en,
			);
			mainGroup = 2B528178227692C8007B880F;
			productRefGroup = 2B528182227692C8007B880F /* Products */;
			projectDirPath = "";
			projectRoot = "";
			targets = (
				2B528180227692C8007B880F /* FF_Rtmp */,
			);
		};
/* End PBXProject section */

/* Begin PBXSourcesBuildPhase section */
		2B52817D227692C8007B880F /* Sources */ = {
			isa = PBXSourcesBuildPhase;
			buildActionMask = 2147483647;
			files = (
				2B528185227692C8007B880F /* main.cpp in Sources */,
				2B275B432294FA3B00E6111C /* OpenCvCamera.cpp in Sources */,
				2BE0D3EB227EBC27002EAF5C /* RtmpPusher.cpp in Sources */,
			);
			runOnlyForDeploymentPostprocessing = 0;
		};
/* End PBXSourcesBuildPhase section */

/* Begin XCBuildConfiguration section */
		2B528186227692C8007B880F /* Debug */ = {
			isa = XCBuildConfiguration;
			buildSettings = {
				ALWAYS_SEARCH_USER_PATHS = NO;
				CLANG_ANALYZER_NONNULL = YES;
				CLANG_ANALYZER_NUMBER_OBJECT_CONVERSION = YES_AGGRESSIVE;
				CLANG_CXX_LANGUAGE_STANDARD = "gnu++14";
				CLANG_CXX_LIBRARY = "libc++";
				CLANG_ENABLE_MODULES = YES;
				CLANG_ENABLE_OBJC_ARC = YES;
				CLANG_ENABLE_OBJC_WEAK = YES;
				CLANG_WARN_BLOCK_CAPTURE_AUTORELEASING = YES;
				CLANG_WARN_BOOL_CONVERSION = YES;
				CLANG_WARN_COMMA = YES;
				CLANG_WARN_CONSTANT_CONVERSION = YES;
				CLANG_WARN_DEPRECATED_OBJC_IMPLEMENTATIONS = YES;
				CLANG_WARN_DIRECT_OBJC_ISA_USAGE = YES_ERROR;
				CLANG_WARN_DOCUMENTATION_COMMENTS = YES;
				CLANG_WARN_EMPTY_BODY = YES;
				CLANG_WARN_ENUM_CONVERSION = YES;
				CLANG_WARN_INFINITE_RECURSION = YES;
				CLANG_WARN_INT_CONVERSION = YES;
				CLANG_WARN_NON_LITERAL_NULL_CONVERSION = YES;
				CLANG_WARN_OBJC_IMPLICIT_RETAIN_SELF = YES;
				CLANG_WARN_OBJC_LITERAL_CONVERSION = YES;
				CLANG_WARN_OBJC_ROOT_CLASS = YES_ERROR;
				CLANG_WARN_RANGE_LOOP_ANALYSIS = YES;
				CLANG_WARN_STRICT_PROTOTYPES = YES;
				CLANG_WARN_SUSPICIOUS_MOVE = YES;
				CLANG_WARN_UNGUARDED_AVAILABILITY = YES_AGGRESSIVE;
				CLANG_WARN_UNREACHABLE_CODE = YES;
				CLANG_WARN__DUPLICATE_METHOD_MATCH = YES;
				CODE_SIGN_IDENTITY = "-";
				COPY_PHASE_STRIP = NO;
				DEBUG_INFORMATION_FORMAT = dwarf;
				ENABLE_STRICT_OBJC_MSGSEND = YES;
				ENABLE_TESTABILITY = YES;
				GCC_C_LANGUAGE_STANDARD = gnu11;
				GCC_DYNAMIC_NO_PIC = NO;
				GCC_NO_COMMON_BLOCKS = YES;
				GCC_OPTIMIZATION_LEVEL = 0;
				GCC_PREPROCESSOR_DEFINITIONS = (
					"DEBUG=1",
					"$(inherited)",
				);
				GCC_WARN_64_TO_32_BIT_CONVERSION = YES;
				GCC_WARN_ABOUT_RETURN_TYPE = YES_ERROR;
				GCC_WARN_UNDECLARED_SELECTOR = YES;
				GCC_WARN_UNINITIALIZED_AUTOS = YES_AGGRESSIVE;
				GCC_WARN_UNUSED_FUNCTION = YES;
				GCC_WARN_UNUSED_VARIABLE = YES;
				MACOSX_DEPLOYMENT_TARGET = 10.14;
				MTL_ENABLE_DEBUG_INFO = INCLUDE_SOURCE;
				MTL_FAST_MATH = YES;
				ONLY_ACTIVE_ARCH = YES;
				SDKROOT = macosx;
			};
			name = Debug;
		};
		2B528187227692C8007B880F /* Release */ = {
			isa = XCBuildConfiguration;
			buildSettings = {
				ALWAYS_SEARCH_USER_PATHS = NO;
				CLANG_ANALYZER_NONNULL = YES;
				CLANG_ANALYZER_NUMBER_OBJECT_CONVERSION = YES_AGGRESSIVE;
				CLANG_CXX_LANGUAGE_STANDARD = "gnu++14";
				CLANG_CXX_LIBRARY = "libc++";
				CLANG_ENABLE_MODULES = YES;
				CLANG_ENABLE_OBJC_ARC = YES;
				CLANG_ENABLE_OBJC_WEAK = YES;
				CLANG_WARN_BLOCK_CAPTURE_AUTORELEASING = YES;
				CLANG_WARN_BOOL_CONVERSION = YES;
				CLANG_WARN_COMMA = YES;
				CLANG_WARN_CONSTANT_CONVERSION = YES;
				CLANG_WARN_DEPRECATED_OBJC_IMPLEMENTATIONS = YES;
				CLANG_WARN_DIRECT_OBJC_ISA_USAGE = YES_ERROR;
				CLANG_WARN_DOCUMENTATION_COMMENTS = YES;
				CLANG_WARN_EMPTY_BODY = YES;
				CLANG_WARN_ENUM_CONVERSION = YES;
				CLANG_WARN_INFINITE_RECURSION = YES;
				CLANG_WARN_INT_CONVERSION = YES;
				CLANG_WARN_NON_LITERAL_NULL_CONVERSION = YES;
				CLANG_WARN_OBJC_IMPLICIT_RETAIN_SELF = YES;
				CLANG_WARN_OBJC_LITERAL_CONVERSION = YES;
				CLANG_WARN_OBJC_ROOT_CLASS = YES_ERROR;
				CLANG_WARN_RANGE_LOOP_ANALYSIS = YES;
				CLANG_WARN_STRICT_PROTOTYPES = YES;
				CLANG_WARN_SUSPICIOUS_MOVE = YES;
				CLANG_WARN_UNGUARDED_AVAILABILITY = YES_AGGRESSIVE;
				CLANG_WARN_UNREACHABLE_CODE = YES;
				CLANG_WARN__DUPLICATE_METHOD_MATCH = YES;
				CODE_SIGN_IDENTITY = "-";
				COPY_PHASE_STRIP = NO;
				DEBUG_INFORMATION_FORMAT = "dwarf-with-dsym";
				ENABLE_NS_ASSERTIONS = NO;
				ENABLE_STRICT_OBJC_MSGSEND = YES;
				GCC_C_LANGUAGE_STANDARD = gnu11;
				GCC_NO_COMMON_BLOCKS = YES;
				GCC_WARN_64_TO_32_BIT_CONVERSION = YES;
				GCC_WARN_ABOUT_RETURN_TYPE = YES_ERROR;
				GCC_WARN_UNDECLARED_SELECTOR = YES;
				GCC_WARN_UNINITIALIZED_AUTOS = YES_AGGRESSIVE;
				GCC_WARN_UNUSED_FUNCTION = YES;
				GCC_WARN_UNUSED_VARIABLE = YES;
				MACOSX_DEPLOYMENT_TARGET = 10.14;
				MTL_ENABLE_DEBUG_INFO = NO;
				MTL_FAST_MATH = YES;
				SDKROOT = macosx;
			};
			name = Release;
		};
		2B528189227692C8007B880F /* Debug */ = {
			isa = XCBuildConfiguration;
			buildSettings = {
				CODE_SIGN_STYLE = Automatic;
				"HEADER_SEARCH_PATHS[arch=*]" = (
					/usr/local/opt/opencv/include/opencv4,
					/usr/local/Cellar/ffmpeg/4.1.3_1/include,
				);
				INFOPLIST_FILE = FF_Rtmp/Info.plist;
				LIBRARY_SEARCH_PATHS = (
					"$(inherited)",
					/usr/local/Cellar/ffmpeg/4.1.3_1/lib,
					/usr/local/Cellar/opencv/4.1.0_1/lib,
				);
				PRODUCT_NAME = "$(TARGET_NAME)";
				"SYSTEM_HEADER_SEARCH_PATHS[arch=*]" = "";
			};
			name = Debug;
		};
		2B52818A227692C8007B880F /* Release */ = {
			isa = XCBuildConfiguration;
			buildSettings = {
				CODE_SIGN_STYLE = Automatic;
				"HEADER_SEARCH_PATHS[arch=*]" = (
					/usr/local/opt/opencv/include/opencv4,
					/usr/local/Cellar/ffmpeg/4.1.3_1/include,
				);
				INFOPLIST_FILE = FF_Rtmp/Info.plist;
				LIBRARY_SEARCH_PATHS = (
					"$(inherited)",
					/usr/local/Cellar/ffmpeg/4.1.3_1/lib,
					/usr/local/Cellar/opencv/4.1.0_1/lib,
				);
				PRODUCT_NAME = "$(TARGET_NAME)";
				"SYSTEM_HEADER_SEARCH_PATHS[arch=*]" = /usr/local/Cellar/ffmpeg/4.1.2/include;
			};
			name = Release;
		};
/* End XCBuildConfiguration section */

/* Begin XCConfigurationList section */
		2B52817C227692C8007B880F /* Build configuration list for PBXProject "FF_Rtmp" */ = {
			isa = XCConfigurationList;
			buildConfigurations = (
				2B528186227692C8007B880F /* Debug */,
				2B528187227692C8007B880F /* Release */,
			);
			defaultConfigurationIsVisible = 0;
			defaultConfigurationName = Release;
		};
		2B528188227692C8007B880F /* Build configuration list for PBXNativeTarget "FF_Rtmp" */ = {
			isa = XCConfigurationList;
			buildConfigurations = (
				2B528189227692C8007B880F /* Debug */,
				2B52818A227692C8007B880F /* Release */,
			);
			defaultConfigurationIsVisible = 0;
			defaultConfigurationName = Release;
		};
/* End XCConfigurationList section */
	};
	rootObject = 2B528179227692C8007B880F /* Project object */;
}
